// !$*UTF8*$!
{
	archiveVersion = 1;
	classes = {
	};
	objectVersion = 56;
	objects = {

/* Begin PBXBuildFile section */
		783368352B4346BC0068714F /* AppDelegate.swift in Sources */ = {isa = PBXBuildFile; fileRef = 783368342B4346BC0068714F /* AppDelegate.swift */; };
		783368372B4346BC0068714F /* SceneDelegate.swift in Sources */ = {isa = PBXBuildFile; fileRef = 783368362B4346BC0068714F /* SceneDelegate.swift */; };
		783368392B4346BC0068714F /* HomePage.swift in Sources */ = {isa = PBXBuildFile; fileRef = 783368382B4346BC0068714F /* HomePage.swift */; };
		7833683C2B4346BC0068714F /* Main.storyboard in Resources */ = {isa = PBXBuildFile; fileRef = 7833683A2B4346BC0068714F /* Main.storyboard */; };
		7833683E2B4346BD0068714F /* Assets.xcassets in Resources */ = {isa = PBXBuildFile; fileRef = 7833683D2B4346BD0068714F /* Assets.xcassets */; };
		783368412B4346BD0068714F /* LaunchScreen.storyboard in Resources */ = {isa = PBXBuildFile; fileRef = 7833683F2B4346BD0068714F /* LaunchScreen.storyboard */; };
		783368522B436C410068714F /* AddPerson.swift in Sources */ = {isa = PBXBuildFile; fileRef = 783368512B436C410068714F /* AddPerson.swift */; };
		783368542B436C550068714F /* PersonDetail.swift in Sources */ = {isa = PBXBuildFile; fileRef = 783368532B436C550068714F /* PersonDetail.swift */; };
		783368562B436CC00068714F /* HomePageViewModel.swift in Sources */ = {isa = PBXBuildFile; fileRef = 783368552B436CC00068714F /* HomePageViewModel.swift */; };
		783368582B436CD30068714F /* AddPersonViewModel.swift in Sources */ = {isa = PBXBuildFile; fileRef = 783368572B436CD30068714F /* AddPersonViewModel.swift */; };
		7833685A2B436CF20068714F /* PersonDetailViewModel.swift in Sources */ = {isa = PBXBuildFile; fileRef = 783368592B436CF20068714F /* PersonDetailViewModel.swift */; };
		7833685C2B436D300068714F /* PersonsCell.swift in Sources */ = {isa = PBXBuildFile; fileRef = 7833685B2B436D300068714F /* PersonsCell.swift */; };
		7833685E2B436D960068714F /* Persons.swift in Sources */ = {isa = PBXBuildFile; fileRef = 7833685D2B436D960068714F /* Persons.swift */; };
		783368612B436F0C0068714F /* RxSwift in Frameworks */ = {isa = PBXBuildFile; productRef = 783368602B436F0C0068714F /* RxSwift */; };
		783368632B436F5D0068714F /* PersonsDaoRepository.swift in Sources */ = {isa = PBXBuildFile; fileRef = 783368622B436F5D0068714F /* PersonsDaoRepository.swift */; };
		783368702B4370830068714F /* FMResultSet.m in Sources */ = {isa = PBXBuildFile; fileRef = 783368682B4370830068714F /* FMResultSet.m */; };
		783368712B4370830068714F /* FMDatabaseQueue.m in Sources */ = {isa = PBXBuildFile; fileRef = 7833686A2B4370830068714F /* FMDatabaseQueue.m */; };
		783368722B4370830068714F /* FMDatabase.m in Sources */ = {isa = PBXBuildFile; fileRef = 7833686B2B4370830068714F /* FMDatabase.m */; };
		783368732B4370830068714F /* FMDatabasePool.m in Sources */ = {isa = PBXBuildFile; fileRef = 7833686C2B4370830068714F /* FMDatabasePool.m */; };
		783368742B4370830068714F /* FMDatabaseAdditions.m in Sources */ = {isa = PBXBuildFile; fileRef = 7833686F2B4370830068714F /* FMDatabaseAdditions.m */; };
		783368792B4376900068714F /* todo.sqlite in Resources */ = {isa = PBXBuildFile; fileRef = 783368782B4376900068714F /* todo.sqlite */; };
/* End PBXBuildFile section */

/* Begin PBXFileReference section */
		783368312B4346BC0068714F /* Odev7.app */ = {isa = PBXFileReference; explicitFileType = wrapper.application; includeInIndex = 0; path = Odev7.app; sourceTree = BUILT_PRODUCTS_DIR; };
		783368342B4346BC0068714F /* AppDelegate.swift */ = {isa = PBXFileReference; lastKnownFileType = sourcecode.swift; path = AppDelegate.swift; sourceTree = "<group>"; };
		783368362B4346BC0068714F /* SceneDelegate.swift */ = {isa = PBXFileReference; lastKnownFileType = sourcecode.swift; path = SceneDelegate.swift; sourceTree = "<group>"; };
		783368382B4346BC0068714F /* HomePage.swift */ = {isa = PBXFileReference; lastKnownFileType = sourcecode.swift; path = HomePage.swift; sourceTree = "<group>"; };
		7833683B2B4346BC0068714F /* Base */ = {isa = PBXFileReference; lastKnownFileType = file.storyboard; name = Base; path = Base.lproj/Main.storyboard; sourceTree = "<group>"; };
		7833683D2B4346BD0068714F /* Assets.xcassets */ = {isa = PBXFileReference; lastKnownFileType = folder.assetcatalog; path = Assets.xcassets; sourceTree = "<group>"; };
		783368402B4346BD0068714F /* Base */ = {isa = PBXFileReference; lastKnownFileType = file.storyboard; name = Base; path = Base.lproj/LaunchScreen.storyboard; sourceTree = "<group>"; };
		783368422B4346BD0068714F /* Info.plist */ = {isa = PBXFileReference; lastKnownFileType = text.plist.xml; path = Info.plist; sourceTree = "<group>"; };
		783368512B436C410068714F /* AddPerson.swift */ = {isa = PBXFileReference; lastKnownFileType = sourcecode.swift; path = AddPerson.swift; sourceTree = "<group>"; };
		783368532B436C550068714F /* PersonDetail.swift */ = {isa = PBXFileReference; lastKnownFileType = sourcecode.swift; path = PersonDetail.swift; sourceTree = "<group>"; };
		783368552B436CC00068714F /* HomePageViewModel.swift */ = {isa = PBXFileReference; lastKnownFileType = sourcecode.swift; path = HomePageViewModel.swift; sourceTree = "<group>"; };
		783368572B436CD30068714F /* AddPersonViewModel.swift */ = {isa = PBXFileReference; lastKnownFileType = sourcecode.swift; path = AddPersonViewModel.swift; sourceTree = "<group>"; };
		783368592B436CF20068714F /* PersonDetailViewModel.swift */ = {isa = PBXFileReference; lastKnownFileType = sourcecode.swift; path = PersonDetailViewModel.swift; sourceTree = "<group>"; };
		7833685B2B436D300068714F /* PersonsCell.swift */ = {isa = PBXFileReference; lastKnownFileType = sourcecode.swift; path = PersonsCell.swift; sourceTree = "<group>"; };
		7833685D2B436D960068714F /* Persons.swift */ = {isa = PBXFileReference; lastKnownFileType = sourcecode.swift; path = Persons.swift; sourceTree = "<group>"; };
		783368622B436F5D0068714F /* PersonsDaoRepository.swift */ = {isa = PBXFileReference; lastKnownFileType = sourcecode.swift; path = PersonsDaoRepository.swift; sourceTree = "<group>"; };
		783368642B4370820068714F /* Odev7-Bridging-Header.h */ = {isa = PBXFileReference; lastKnownFileType = sourcecode.c.h; path = "Odev7-Bridging-Header.h"; sourceTree = "<group>"; };
		783368652B4370820068714F /* FMResultSet.h */ = {isa = PBXFileReference; fileEncoding = 4; lastKnownFileType = sourcecode.c.h; path = FMResultSet.h; sourceTree = "<group>"; };
		783368662B4370830068714F /* FMDatabaseQueue.h */ = {isa = PBXFileReference; fileEncoding = 4; lastKnownFileType = sourcecode.c.h; path = FMDatabaseQueue.h; sourceTree = "<group>"; };
		783368672B4370830068714F /* FMDB.h */ = {isa = PBXFileReference; fileEncoding = 4; lastKnownFileType = sourcecode.c.h; path = FMDB.h; sourceTree = "<group>"; };
		783368682B4370830068714F /* FMResultSet.m */ = {isa = PBXFileReference; fileEncoding = 4; lastKnownFileType = sourcecode.c.objc; path = FMResultSet.m; sourceTree = "<group>"; };
		783368692B4370830068714F /* FMDatabaseAdditions.h */ = {isa = PBXFileReference; fileEncoding = 4; lastKnownFileType = sourcecode.c.h; path = FMDatabaseAdditions.h; sourceTree = "<group>"; };
		7833686A2B4370830068714F /* FMDatabaseQueue.m */ = {isa = PBXFileReference; fileEncoding = 4; lastKnownFileType = sourcecode.c.objc; path = FMDatabaseQueue.m; sourceTree = "<group>"; };
		7833686B2B4370830068714F /* FMDatabase.m */ = {isa = PBXFileReference; fileEncoding = 4; lastKnownFileType = sourcecode.c.objc; path = FMDatabase.m; sourceTree = "<group>"; };
		7833686C2B4370830068714F /* FMDatabasePool.m */ = {isa = PBXFileReference; fileEncoding = 4; lastKnownFileType = sourcecode.c.objc; path = FMDatabasePool.m; sourceTree = "<group>"; };
		7833686D2B4370830068714F /* FMDatabase.h */ = {isa = PBXFileReference; fileEncoding = 4; lastKnownFileType = sourcecode.c.h; path = FMDatabase.h; sourceTree = "<group>"; };
		7833686E2B4370830068714F /* FMDatabasePool.h */ = {isa = PBXFileReference; fileEncoding = 4; lastKnownFileType = sourcecode.c.h; path = FMDatabasePool.h; sourceTree = "<group>"; };
		7833686F2B4370830068714F /* FMDatabaseAdditions.m */ = {isa = PBXFileReference; fileEncoding = 4; lastKnownFileType = sourcecode.c.objc; path = FMDatabaseAdditions.m; sourceTree = "<group>"; };
		783368772B4374570068714F /* libsqlite3.tbd */ = {isa = PBXFileReference; lastKnownFileType = "sourcecode.text-based-dylib-definition"; name = libsqlite3.tbd; path = usr/lib/libsqlite3.tbd; sourceTree = SDKROOT; };
		783368782B4376900068714F /* todo.sqlite */ = {isa = PBXFileReference; lastKnownFileType = file; path = todo.sqlite; sourceTree = "<group>"; };
/* End PBXFileReference section */

/* Begin PBXFrameworksBuildPhase section */
		7833682E2B4346BC0068714F /* Frameworks */ = {
			isa = PBXFrameworksBuildPhase;
			buildActionMask = 2147483647;
			files = (
				783368612B436F0C0068714F /* RxSwift in Frameworks */,
			);
			runOnlyForDeploymentPostprocessing = 0;
		};
/* End PBXFrameworksBuildPhase section */

/* Begin PBXGroup section */
		783368282B4346BC0068714F = {
			isa = PBXGroup;
			children = (
				783368332B4346BC0068714F /* Odev7 */,
				783368322B4346BC0068714F /* Products */,
				783368762B4374570068714F /* Frameworks */,
			);
			sourceTree = "<group>";
		};
		783368322B4346BC0068714F /* Products */ = {
			isa = PBXGroup;
			children = (
				783368312B4346BC0068714F /* Odev7.app */,
			);
			name = Products;
			sourceTree = "<group>";
		};
		783368332B4346BC0068714F /* Odev7 */ = {
			isa = PBXGroup;
			children = (
				783368342B4346BC0068714F /* AppDelegate.swift */,
				783368362B4346BC0068714F /* SceneDelegate.swift */,
				783368482B436A470068714F /* ui */,
				783368492B436A500068714F /* data */,
				7833683A2B4346BC0068714F /* Main.storyboard */,
				7833683D2B4346BD0068714F /* Assets.xcassets */,
				7833683F2B4346BD0068714F /* LaunchScreen.storyboard */,
				783368422B4346BD0068714F /* Info.plist */,
				7833686D2B4370830068714F /* FMDatabase.h */,
				7833686B2B4370830068714F /* FMDatabase.m */,
				783368692B4370830068714F /* FMDatabaseAdditions.h */,
				7833686F2B4370830068714F /* FMDatabaseAdditions.m */,
				7833686E2B4370830068714F /* FMDatabasePool.h */,
				7833686C2B4370830068714F /* FMDatabasePool.m */,
				783368662B4370830068714F /* FMDatabaseQueue.h */,
				7833686A2B4370830068714F /* FMDatabaseQueue.m */,
				783368672B4370830068714F /* FMDB.h */,
				783368652B4370820068714F /* FMResultSet.h */,
				783368682B4370830068714F /* FMResultSet.m */,
				783368642B4370820068714F /* Odev7-Bridging-Header.h */,
				783368782B4376900068714F /* todo.sqlite */,
			);
			path = Odev7;
			sourceTree = "<group>";
		};
		783368482B436A470068714F /* ui */ = {
			isa = PBXGroup;
			children = (
				7833684C2B436A700068714F /* viewmodel */,
				7833684B2B436A680068714F /* tableview */,
				7833684A2B436A610068714F /* views */,
			);
			path = ui;
			sourceTree = "<group>";
		};
		783368492B436A500068714F /* data */ = {
			isa = PBXGroup;
			children = (
				7833684E2B436A870068714F /* repo */,
				7833684D2B436A820068714F /* entity */,
			);
			path = data;
			sourceTree = "<group>";
		};
		7833684A2B436A610068714F /* views */ = {
			isa = PBXGroup;
			children = (
				783368382B4346BC0068714F /* HomePage.swift */,
				783368512B436C410068714F /* AddPerson.swift */,
				783368532B436C550068714F /* PersonDetail.swift */,
			);
			path = views;
			sourceTree = "<group>";
		};
		7833684B2B436A680068714F /* tableview */ = {
			isa = PBXGroup;
			children = (
				7833685B2B436D300068714F /* PersonsCell.swift */,
			);
			path = tableview;
			sourceTree = "<group>";
		};
		7833684C2B436A700068714F /* viewmodel */ = {
			isa = PBXGroup;
			children = (
				783368552B436CC00068714F /* HomePageViewModel.swift */,
				783368572B436CD30068714F /* AddPersonViewModel.swift */,
				783368592B436CF20068714F /* PersonDetailViewModel.swift */,
			);
			path = viewmodel;
			sourceTree = "<group>";
		};
		7833684D2B436A820068714F /* entity */ = {
			isa = PBXGroup;
			children = (
				7833685D2B436D960068714F /* Persons.swift */,
			);
			path = entity;
			sourceTree = "<group>";
		};
		7833684E2B436A870068714F /* repo */ = {
			isa = PBXGroup;
			children = (
				783368622B436F5D0068714F /* PersonsDaoRepository.swift */,
			);
			path = repo;
			sourceTree = "<group>";
		};
		783368762B4374570068714F /* Frameworks */ = {
			isa = PBXGroup;
			children = (
				783368772B4374570068714F /* libsqlite3.tbd */,
			);
			name = Frameworks;
			sourceTree = "<group>";
		};
/* End PBXGroup section */

/* Begin PBXNativeTarget section */
		783368302B4346BC0068714F /* Odev7 */ = {
			isa = PBXNativeTarget;
			buildConfigurationList = 783368452B4346BD0068714F /* Build configuration list for PBXNativeTarget "Odev7" */;
			buildPhases = (
				7833682D2B4346BC0068714F /* Sources */,
				7833682E2B4346BC0068714F /* Frameworks */,
				7833682F2B4346BC0068714F /* Resources */,
			);
			buildRules = (
			);
			dependencies = (
			);
			name = Odev7;
			packageProductDependencies = (
				783368602B436F0C0068714F /* RxSwift */,
			);
			productName = Odev7;
			productReference = 783368312B4346BC0068714F /* Odev7.app */;
			productType = "com.apple.product-type.application";
		};
/* End PBXNativeTarget section */

/* Begin PBXProject section */
		783368292B4346BC0068714F /* Project object */ = {
			isa = PBXProject;
			attributes = {
				BuildIndependentTargetsInParallel = 1;
				LastSwiftUpdateCheck = 1510;
				LastUpgradeCheck = 1510;
				TargetAttributes = {
					783368302B4346BC0068714F = {
						CreatedOnToolsVersion = 15.1;
						LastSwiftMigration = 1510;
					};
				};
			};
			buildConfigurationList = 7833682C2B4346BC0068714F /* Build configuration list for PBXProject "Odev7" */;
			compatibilityVersion = "Xcode 14.0";
			developmentRegion = en;
			hasScannedForEncodings = 0;
			knownRegions = (
				en,
				Base,
			);
			mainGroup = 783368282B4346BC0068714F;
			packageReferences = (
				7833685F2B436F0C0068714F /* XCRemoteSwiftPackageReference "RxSwift" */,
			);
			productRefGroup = 783368322B4346BC0068714F /* Products */;
			projectDirPath = "";
			projectRoot = "";
			targets = (
				783368302B4346BC0068714F /* Odev7 */,
			);
		};
/* End PBXProject section */

/* Begin PBXResourcesBuildPhase section */
		7833682F2B4346BC0068714F /* Resources */ = {
			isa = PBXResourcesBuildPhase;
			buildActionMask = 2147483647;
			files = (
				783368412B4346BD0068714F /* LaunchScreen.storyboard in Resources */,
				783368792B4376900068714F /* todo.sqlite in Resources */,
				7833683E2B4346BD0068714F /* Assets.xcassets in Resources */,
				7833683C2B4346BC0068714F /* Main.storyboard in Resources */,
			);
			runOnlyForDeploymentPostprocessing = 0;
		};
/* End PBXResourcesBuildPhase section */

/* Begin PBXSourcesBuildPhase section */
		7833682D2B4346BC0068714F /* Sources */ = {
			isa = PBXSourcesBuildPhase;
			buildActionMask = 2147483647;
			files = (
				783368392B4346BC0068714F /* HomePage.swift in Sources */,
				783368352B4346BC0068714F /* AppDelegate.swift in Sources */,
				783368582B436CD30068714F /* AddPersonViewModel.swift in Sources */,
				783368722B4370830068714F /* FMDatabase.m in Sources */,
				7833685C2B436D300068714F /* PersonsCell.swift in Sources */,
				783368712B4370830068714F /* FMDatabaseQueue.m in Sources */,
				783368562B436CC00068714F /* HomePageViewModel.swift in Sources */,
				783368742B4370830068714F /* FMDatabaseAdditions.m in Sources */,
				783368732B4370830068714F /* FMDatabasePool.m in Sources */,
				7833685A2B436CF20068714F /* PersonDetailViewModel.swift in Sources */,
				783368702B4370830068714F /* FMResultSet.m in Sources */,
				783368522B436C410068714F /* AddPerson.swift in Sources */,
				783368542B436C550068714F /* PersonDetail.swift in Sources */,
				783368632B436F5D0068714F /* PersonsDaoRepository.swift in Sources */,
				7833685E2B436D960068714F /* Persons.swift in Sources */,
				783368372B4346BC0068714F /* SceneDelegate.swift in Sources */,
			);
			runOnlyForDeploymentPostprocessing = 0;
		};
/* End PBXSourcesBuildPhase section */

/* Begin PBXVariantGroup section */
		7833683A2B4346BC0068714F /* Main.storyboard */ = {
			isa = PBXVariantGroup;
			children = (
				7833683B2B4346BC0068714F /* Base */,
			);
			name = Main.storyboard;
			sourceTree = "<group>";
		};
		7833683F2B4346BD0068714F /* LaunchScreen.storyboard */ = {
			isa = PBXVariantGroup;
			children = (
				783368402B4346BD0068714F /* Base */,
			);
			name = LaunchScreen.storyboard;
			sourceTree = "<group>";
		};
/* End PBXVariantGroup section */

/* Begin XCBuildConfiguration section */
		783368432B4346BD0068714F /* Debug */ = {
			isa = XCBuildConfiguration;
			buildSettings = {
				ALWAYS_SEARCH_USER_PATHS = NO;
				ASSETCATALOG_COMPILER_GENERATE_SWIFT_ASSET_SYMBOL_EXTENSIONS = YES;
				CLANG_ANALYZER_NONNULL = YES;
				CLANG_ANALYZER_NUMBER_OBJECT_CONVERSION = YES_AGGRESSIVE;
				CLANG_CXX_LANGUAGE_STANDARD = "gnu++20";
				CLANG_ENABLE_MODULES = YES;
				CLANG_ENABLE_OBJC_ARC = YES;
				CLANG_ENABLE_OBJC_WEAK = YES;
				CLANG_WARN_BLOCK_CAPTURE_AUTORELEASING = YES;
				CLANG_WARN_BOOL_CONVERSION = YES;
				CLANG_WARN_COMMA = YES;
				CLANG_WARN_CONSTANT_CONVERSION = YES;
				CLANG_WARN_DEPRECATED_OBJC_IMPLEMENTATIONS = YES;
				CLANG_WARN_DIRECT_OBJC_ISA_USAGE = YES_ERROR;
				CLANG_WARN_DOCUMENTATION_COMMENTS = YES;
				CLANG_WARN_EMPTY_BODY = YES;
				CLANG_WARN_ENUM_CONVERSION = YES;
				CLANG_WARN_INFINITE_RECURSION = YES;
				CLANG_WARN_INT_CONVERSION = YES;
				CLANG_WARN_NON_LITERAL_NULL_CONVERSION = YES;
				CLANG_WARN_OBJC_IMPLICIT_RETAIN_SELF = YES;
				CLANG_WARN_OBJC_LITERAL_CONVERSION = YES;
				CLANG_WARN_OBJC_ROOT_CLASS = YES_ERROR;
				CLANG_WARN_QUOTED_INCLUDE_IN_FRAMEWORK_HEADER = YES;
				CLANG_WARN_RANGE_LOOP_ANALYSIS = YES;
				CLANG_WARN_STRICT_PROTOTYPES = YES;
				CLANG_WARN_SUSPICIOUS_MOVE = YES;
				CLANG_WARN_UNGUARDED_AVAILABILITY = YES_AGGRESSIVE;
				CLANG_WARN_UNREACHABLE_CODE = YES;
				CLANG_WARN__DUPLICATE_METHOD_MATCH = YES;
				COPY_PHASE_STRIP = NO;
				DEBUG_INFORMATION_FORMAT = dwarf;
				ENABLE_STRICT_OBJC_MSGSEND = YES;
				ENABLE_TESTABILITY = YES;
				ENABLE_USER_SCRIPT_SANDBOXING = YES;
				GCC_C_LANGUAGE_STANDARD = gnu17;
				GCC_DYNAMIC_NO_PIC = NO;
				GCC_NO_COMMON_BLOCKS = YES;
				GCC_OPTIMIZATION_LEVEL = 0;
				GCC_PREPROCESSOR_DEFINITIONS = (
					"DEBUG=1",
					"$(inherited)",
				);
				GCC_WARN_64_TO_32_BIT_CONVERSION = YES;
				GCC_WARN_ABOUT_RETURN_TYPE = YES_ERROR;
				GCC_WARN_UNDECLARED_SELECTOR = YES;
				GCC_WARN_UNINITIALIZED_AUTOS = YES_AGGRESSIVE;
				GCC_WARN_UNUSED_FUNCTION = YES;
				GCC_WARN_UNUSED_VARIABLE = YES;
				IPHONEOS_DEPLOYMENT_TARGET = 17.2;
				LOCALIZATION_PREFERS_STRING_CATALOGS = YES;
				MTL_ENABLE_DEBUG_INFO = INCLUDE_SOURCE;
				MTL_FAST_MATH = YES;
				ONLY_ACTIVE_ARCH = YES;
				SDKROOT = iphoneos;
				SWIFT_ACTIVE_COMPILATION_CONDITIONS = "DEBUG $(inherited)";
				SWIFT_OPTIMIZATION_LEVEL = "-Onone";
			};
			name = Debug;
		};
		783368442B4346BD0068714F /* Release */ = {
			isa = XCBuildConfiguration;
			buildSettings = {
				ALWAYS_SEARCH_USER_PATHS = NO;
				ASSETCATALOG_COMPILER_GENERATE_SWIFT_ASSET_SYMBOL_EXTENSIONS = YES;
				CLANG_ANALYZER_NONNULL = YES;
				CLANG_ANALYZER_NUMBER_OBJECT_CONVERSION = YES_AGGRESSIVE;
				CLANG_CXX_LANGUAGE_STANDARD = "gnu++20";
				CLANG_ENABLE_MODULES = YES;
				CLANG_ENABLE_OBJC_ARC = YES;
				CLANG_ENABLE_OBJC_WEAK = YES;
				CLANG_WARN_BLOCK_CAPTURE_AUTORELEASING = YES;
				CLANG_WARN_BOOL_CONVERSION = YES;
				CLANG_WARN_COMMA = YES;
				CLANG_WARN_CONSTANT_CONVERSION = YES;
				CLANG_WARN_DEPRECATED_OBJC_IMPLEMENTATIONS = YES;
				CLANG_WARN_DIRECT_OBJC_ISA_USAGE = YES_ERROR;
				CLANG_WARN_DOCUMENTATION_COMMENTS = YES;
				CLANG_WARN_EMPTY_BODY = YES;
				CLANG_WARN_ENUM_CONVERSION = YES;
				CLANG_WARN_INFINITE_RECURSION = YES;
				CLANG_WARN_INT_CONVERSION = YES;
				CLANG_WARN_NON_LITERAL_NULL_CONVERSION = YES;
				CLANG_WARN_OBJC_IMPLICIT_RETAIN_SELF = YES;
				CLANG_WARN_OBJC_LITERAL_CONVERSION = YES;
				CLANG_WARN_OBJC_ROOT_CLASS = YES_ERROR;
				CLANG_WARN_QUOTED_INCLUDE_IN_FRAMEWORK_HEADER = YES;
				CLANG_WARN_RANGE_LOOP_ANALYSIS = YES;
				CLANG_WARN_STRICT_PROTOTYPES = YES;
				CLANG_WARN_SUSPICIOUS_MOVE = YES;
				CLANG_WARN_UNGUARDED_AVAILABILITY = YES_AGGRESSIVE;
				CLANG_WARN_UNREACHABLE_CODE = YES;
				CLANG_WARN__DUPLICATE_METHOD_MATCH = YES;
				COPY_PHASE_STRIP = NO;
				DEBUG_INFORMATION_FORMAT = "dwarf-with-dsym";
				ENABLE_NS_ASSERTIONS = NO;
				ENABLE_STRICT_OBJC_MSGSEND = YES;
				ENABLE_USER_SCRIPT_SANDBOXING = YES;
				GCC_C_LANGUAGE_STANDARD = gnu17;
				GCC_NO_COMMON_BLOCKS = YES;
				GCC_WARN_64_TO_32_BIT_CONVERSION = YES;
				GCC_WARN_ABOUT_RETURN_TYPE = YES_ERROR;
				GCC_WARN_UNDECLARED_SELECTOR = YES;
				GCC_WARN_UNINITIALIZED_AUTOS = YES_AGGRESSIVE;
				GCC_WARN_UNUSED_FUNCTION = YES;
				GCC_WARN_UNUSED_VARIABLE = YES;
				IPHONEOS_DEPLOYMENT_TARGET = 17.2;
				LOCALIZATION_PREFERS_STRING_CATALOGS = YES;
				MTL_ENABLE_DEBUG_INFO = NO;
				MTL_FAST_MATH = YES;
				SDKROOT = iphoneos;
				SWIFT_COMPILATION_MODE = wholemodule;
				VALIDATE_PRODUCT = YES;
			};
			name = Release;
		};
		783368462B4346BD0068714F /* Debug */ = {
			isa = XCBuildConfiguration;
			buildSettings = {
				ASSETCATALOG_COMPILER_APPICON_NAME = AppIcon;
				ASSETCATALOG_COMPILER_GLOBAL_ACCENT_COLOR_NAME = AccentColor;
				CLANG_ENABLE_MODULES = YES;
				CODE_SIGN_STYLE = Automatic;
				CURRENT_PROJECT_VERSION = 1;
				DEVELOPMENT_TEAM = M8XX5Z9U82;
				GENERATE_INFOPLIST_FILE = YES;
				INFOPLIST_FILE = Odev7/Info.plist;
				INFOPLIST_KEY_UIApplicationSupportsIndirectInputEvents = YES;
				INFOPLIST_KEY_UILaunchStoryboardName = LaunchScreen;
				INFOPLIST_KEY_UIMainStoryboardFile = Main;
				INFOPLIST_KEY_UISupportedInterfaceOrientations_iPad = "UIInterfaceOrientationPortrait UIInterfaceOrientationPortraitUpsideDown UIInterfaceOrientationLandscapeLeft UIInterfaceOrientationLandscapeRight";
				INFOPLIST_KEY_UISupportedInterfaceOrientations_iPhone = "UIInterfaceOrientationPortrait UIInterfaceOrientationLandscapeLeft UIInterfaceOrientationLandscapeRight";
				LD_RUNPATH_SEARCH_PATHS = (
					"$(inherited)",
					"@executable_path/Frameworks",
				);
				MARKETING_VERSION = 1.0;
				PRODUCT_BUNDLE_IDENTIFIER = com.onurkizkin.Odev7;
				PRODUCT_NAME = "$(TARGET_NAME)";
				SWIFT_EMIT_LOC_STRINGS = YES;
				SWIFT_OBJC_BRIDGING_HEADER = "Odev7/Odev7-Bridging-Header.h";
				SWIFT_OPTIMIZATION_LEVEL = "-Onone";
				SWIFT_VERSION = 5.0;
				TARGETED_DEVICE_FAMILY = "1,2";
			};
			name = Debug;
		};
		783368472B4346BD0068714F /* Release */ = {
			isa = XCBuildConfiguration;
			buildSettings = {
				ASSETCATALOG_COMPILER_APPICON_NAME = AppIcon;
				ASSETCATALOG_COMPILER_GLOBAL_ACCENT_COLOR_NAME = AccentColor;
				CLANG_ENABLE_MODULES = YES;
				CODE_SIGN_STYLE = Automatic;
				CURRENT_PROJECT_VERSION = 1;
				DEVELOPMENT_TEAM = M8XX5Z9U82;
				GENERATE_INFOPLIST_FILE = YES;
				INFOPLIST_FILE = Odev7/Info.plist;
				INFOPLIST_KEY_UIApplicationSupportsIndirectInputEvents = YES;
				INFOPLIST_KEY_UILaunchStoryboardName = LaunchScreen;
				INFOPLIST_KEY_UIMainStoryboardFile = Main;
				INFOPLIST_KEY_UISupportedInterfaceOrientations_iPad = "UIInterfaceOrientationPortrait UIInterfaceOrientationPortraitUpsideDown UIInterfaceOrientationLandscapeLeft UIInterfaceOrientationLandscapeRight";
				INFOPLIST_KEY_UISupportedInterfaceOrientations_iPhone = "UIInterfaceOrientationPortrait UIInterfaceOrientationLandscapeLeft UIInterfaceOrientationLandscapeRight";
				LD_RUNPATH_SEARCH_PATHS = (
					"$(inherited)",
					"@executable_path/Frameworks",
				);
				MARKETING_VERSION = 1.0;
				PRODUCT_BUNDLE_IDENTIFIER = com.onurkizkin.Odev7;
				PRODUCT_NAME = "$(TARGET_NAME)";
				SWIFT_EMIT_LOC_STRINGS = YES;
				SWIFT_OBJC_BRIDGING_HEADER = "Odev7/Odev7-Bridging-Header.h";
				SWIFT_VERSION = 5.0;
				TARGETED_DEVICE_FAMILY = "1,2";
			};
			name = Release;
		};
/* End XCBuildConfiguration section */

/* Begin XCConfigurationList section */
		7833682C2B4346BC0068714F /* Build configuration list for PBXProject "Odev7" */ = {
			isa = XCConfigurationList;
			buildConfigurations = (
				783368432B4346BD0068714F /* Debug */,
				783368442B4346BD0068714F /* Release */,
			);
			defaultConfigurationIsVisible = 0;
			defaultConfigurationName = Release;
		};
		783368452B4346BD0068714F /* Build configuration list for PBXNativeTarget "Odev7" */ = {
			isa = XCConfigurationList;
			buildConfigurations = (
				783368462B4346BD0068714F /* Debug */,
				783368472B4346BD0068714F /* Release */,
			);
			defaultConfigurationIsVisible = 0;
			defaultConfigurationName = Release;
		};
/* End XCConfigurationList section */

/* Begin XCRemoteSwiftPackageReference section */
		7833685F2B436F0C0068714F /* XCRemoteSwiftPackageReference "RxSwift" */ = {
			isa = XCRemoteSwiftPackageReference;
			repositoryURL = "https://github.com/ReactiveX/RxSwift.git";
			requirement = {
				kind = upToNextMajorVersion;
				minimumVersion = 6.6.0;
			};
		};
/* End XCRemoteSwiftPackageReference section */

/* Begin XCSwiftPackageProductDependency section */
		783368602B436F0C0068714F /* RxSwift */ = {
			isa = XCSwiftPackageProductDependency;
			package = 7833685F2B436F0C0068714F /* XCRemoteSwiftPackageReference "RxSwift" */;
			productName = RxSwift;
		};
/* End XCSwiftPackageProductDependency section */
	};
	rootObject = 783368292B4346BC0068714F /* Project object */;
}
